<?xml version="1.0" encoding="utf-8"?>
<Project ToolsVersion="4.0" xmlns="http://schemas.microsoft.com/developer/msbuild/2003">
  <ItemGroup>
    <Filter Include="Source Files">
      <UniqueIdentifier>{802b7247-5f1b-47a5-8ac8-021c7fadd6df}</UniqueIdentifier>
      <Extensions>cpp;c;cxx;rc;def;r;odl;idl;hpj;bat</Extensions>
    </Filter>
    <Filter Include="Header Files">
      <UniqueIdentifier>{1a1489f5-d660-4c75-8ba0-df528ad24cf3}</UniqueIdentifier>
      <Extensions>h;hpp;hxx;hm;inl</Extensions>
    </Filter>
    <Filter Include="Resource Files">
      <UniqueIdentifier>{228f5b18-aa2b-4433-b89b-e57b3a996712}</UniqueIdentifier>
      <Extensions>ico;cur;bmp;dlg;rc2;rct;bin;rgs;gif;jpg;jpeg;jpe</Extensions>
    </Filter>
  </ItemGroup>
  <ItemGroup>
    <ClCompile Include="HttpIoContext.cpp">
      <Filter>Source Files</Filter>
    </ClCompile>
    <ClCompile Include="HttpSvrIoContext.cpp">
      <Filter>Source Files</Filter>
    </ClCompile>
    <ClCompile Include="IoBuffer.cpp">
      <Filter>Source Files</Filter>
    </ClCompile>
    <ClCompile Include="IoContext.cpp">
      <Filter>Source Files</Filter>
    </ClCompile>
    <ClCompile Include="IOCP.cpp">
      <Filter>Source Files</Filter>
    </ClCompile>
    <ClCompile Include="main.cpp">
      <Filter>Source Files</Filter>
    </ClCompile>
    <ClCompile Include="ZvLib.cpp">
      <Filter>Source Files</Filter>
    </ClCompile>
  </ItemGroup>
  <ItemGroup>
    <ClInclude Include="HttpIoContext.h">
      <Filter>Header Files</Filter>
    </ClInclude>
    <ClInclude Include="HttpSvrIoContext.h">
      <Filter>Header Files</Filter>
    </ClInclude>
    <ClInclude Include="IoBuffer.h">
      <Filter>Header Files</Filter>
    </ClInclude>
    <ClInclude Include="IoContext.h">
      <Filter>Header Files</Filter>
    </ClInclude>
    <ClInclude Include="IOCP.h">
      <Filter>Header Files</Filter>
    </ClInclude>
    <ClInclude Include="IoDefine.h">
      <Filter>Header Files</Filter>
    </ClInclude>
    <ClInclude Include="ZvLib.h">
      <Filter>Header Files</Filter>
    </ClInclude>
  </ItemGroup>
</Project>